
Microsoft Visual Studio Solution File, Format Version 12.00
# Visual Studio Version 17
VisualStudioVersion = 17.0.31903.59
MinimumVisualStudioVersion = 10.0.40219.1
Project("{2150E333-8FDC-42A3-9474-1A3956D46DE8}") = "src", "src", "{827E0CD3-B72D-47B6-A68D-7590B98EB39B}"
EndProject
Project("{FAE04EC0-301F-11D3-BF4B-00C04F79EFBC}") = "PersonalMediaManager.Foundation", "src\PersonalMediaManager.Foundation\PersonalMediaManager.Foundation.csproj", "{DBF2FF46-F37F-4065-8844-A148B327890F}"
EndProject
Project("{FAE04EC0-301F-11D3-BF4B-00C04F79EFBC}") = "PersonalMediaManager.Web", "src\PersonalMediaManager.Web\PersonalMediaManager.Web.csproj", "{9D2E8730-7C81-4F3C-ABF5-DE9215DD3127}"
EndProject
Project("{2150E333-8FDC-42A3-9474-1A3956D46DE8}") = "tests", "tests", "{0AB3BF05-4346-4AA6-1389-037BE0695223}"
EndProject
Project("{2150E333-8FDC-42A3-9474-1A3956D46DE8}") = "foundation", "foundation", "{8993B210-CADE-7200-4851-404605645379}"
EndProject
Project("{FAE04EC0-301F-11D3-BF4B-00C04F79EFBC}") = "PersonalMediaManager.Foundation.Tests", "tests\foundation\PersonalMediaManager.Foundation.Tests.csproj", "{28F050DE-4FBF-413F-91AB-4DE864F23B04}"
EndProject
Global
	GlobalSection(SolutionConfigurationPlatforms) = preSolution
		Debug|Any CPU = Debug|Any CPU
		Debug|x64 = Debug|x64
		Debug|x86 = Debug|x86
		Release|Any CPU = Release|Any CPU
		Release|x64 = Release|x64
		Release|x86 = Release|x86
	EndGlobalSection
	GlobalSection(ProjectConfigurationPlatforms) = postSolution
		{DBF2FF46-F37F-4065-8844-A148B327890F}.Debug|Any CPU.ActiveCfg = Debug|Any CPU
		{DBF2FF46-F37F-4065-8844-A148B327890F}.Debug|Any CPU.Build.0 = Debug|Any CPU
		{DBF2FF46-F37F-4065-8844-A148B327890F}.Debug|x64.ActiveCfg = Debug|Any CPU
		{DBF2FF46-F37F-4065-8844-A148B327890F}.Debug|x64.Build.0 = Debug|Any CPU
		{DBF2FF46-F37F-4065-8844-A148B327890F}.Debug|x86.ActiveCfg = Debug|Any CPU
		{DBF2FF46-F37F-4065-8844-A148B327890F}.Debug|x86.Build.0 = Debug|Any CPU
		{DBF2FF46-F37F-4065-8844-A148B327890F}.Release|Any CPU.ActiveCfg = Release|Any CPU
		{DBF2FF46-F37F-4065-8844-A148B327890F}.Release|Any CPU.Build.0 = Release|Any CPU
		{DBF2FF46-F37F-4065-8844-A148B327890F}.Release|x64.ActiveCfg = Release|Any CPU
		{DBF2FF46-F37F-4065-8844-A148B327890F}.Release|x64.Build.0 = Release|Any CPU
		{DBF2FF46-F37F-4065-8844-A148B327890F}.Release|x86.ActiveCfg = Release|Any CPU
		{DBF2FF46-F37F-4065-8844-A148B327890F}.Release|x86.Build.0 = Release|Any CPU
		{9D2E8730-7C81-4F3C-ABF5-DE9215DD3127}.Debug|Any CPU.ActiveCfg = Debug|Any CPU
		{9D2E8730-7C81-4F3C-ABF5-DE9215DD3127}.Debug|Any CPU.Build.0 = Debug|Any CPU
		{9D2E8730-7C81-4F3C-ABF5-DE9215DD3127}.Debug|x64.ActiveCfg = Debug|Any CPU
		{9D2E8730-7C81-4F3C-ABF5-DE9215DD3127}.Debug|x64.Build.0 = Debug|Any CPU
		{9D2E8730-7C81-4F3C-ABF5-DE9215DD3127}.Debug|x86.ActiveCfg = Debug|Any CPU
		{9D2E8730-7C81-4F3C-ABF5-DE9215DD3127}.Debug|x86.Build.0 = Debug|Any CPU
		{9D2E8730-7C81-4F3C-ABF5-DE9215DD3127}.Release|Any CPU.ActiveCfg = Release|Any CPU
		{9D2E8730-7C81-4F3C-ABF5-DE9215DD3127}.Release|Any CPU.Build.0 = Release|Any CPU
		{9D2E8730-7C81-4F3C-ABF5-DE9215DD3127}.Release|x64.ActiveCfg = Release|Any CPU
		{9D2E8730-7C81-4F3C-ABF5-DE9215DD3127}.Release|x64.Build.0 = Release|Any CPU
		{9D2E8730-7C81-4F3C-ABF5-DE9215DD3127}.Release|x86.ActiveCfg = Release|Any CPU
		{9D2E8730-7C81-4F3C-ABF5-DE9215DD3127}.Release|x86.Build.0 = Release|Any CPU
		{28F050DE-4FBF-413F-91AB-4DE864F23B04}.Debug|Any CPU.ActiveCfg = Debug|Any CPU
		{28F050DE-4FBF-413F-91AB-4DE864F23B04}.Debug|Any CPU.Build.0 = Debug|Any CPU
		{28F050DE-4FBF-413F-91AB-4DE864F23B04}.Debug|x64.ActiveCfg = Debug|Any CPU
		{28F050DE-4FBF-413F-91AB-4DE864F23B04}.Debug|x64.Build.0 = Debug|Any CPU
		{28F050DE-4FBF-413F-91AB-4DE864F23B04}.Debug|x86.ActiveCfg = Debug|Any CPU
		{28F050DE-4FBF-413F-91AB-4DE864F23B04}.Debug|x86.Build.0 = Debug|Any CPU
		{28F050DE-4FBF-413F-91AB-4DE864F23B04}.Release|Any CPU.ActiveCfg = Release|Any CPU
		{28F050DE-4FBF-413F-91AB-4DE864F23B04}.Release|Any CPU.Build.0 = Release|Any CPU
		{28F050DE-4FBF-413F-91AB-4DE864F23B04}.Release|x64.ActiveCfg = Release|Any CPU
		{28F050DE-4FBF-413F-91AB-4DE864F23B04}.Release|x64.Build.0 = Release|Any CPU
		{28F050DE-4FBF-413F-91AB-4DE864F23B04}.Release|x86.ActiveCfg = Release|Any CPU
		{28F050DE-4FBF-413F-91AB-4DE864F23B04}.Release|x86.Build.0 = Release|Any CPU
	EndGlobalSection
	GlobalSection(SolutionProperties) = preSolution
		HideSolutionNode = FALSE
	EndGlobalSection
	GlobalSection(NestedProjects) = preSolution
		{DBF2FF46-F37F-4065-8844-A148B327890F} = {827E0CD3-B72D-47B6-A68D-7590B98EB39B}
		{9D2E8730-7C81-4F3C-ABF5-DE9215DD3127} = {827E0CD3-B72D-47B6-A68D-7590B98EB39B}
		{8993B210-CADE-7200-4851-404605645379} = {0AB3BF05-4346-4AA6-1389-037BE0695223}
		{28F050DE-4FBF-413F-91AB-4DE864F23B04} = {8993B210-CADE-7200-4851-404605645379}
	EndGlobalSection
EndGlobal
